{
  "name": "aom",
  "version": "1.0.0-beta.46",
  "lockfileVersion": 2,
  "requires": true,
  "packages": {
    "": {
      "name": "aom",
      "version": "1.0.0-beta.46",
      "license": "MIT",
      "dependencies": {
        "bluebird": "^3.7.2",
        "class-transformer": "^0.5.1",
        "class-validator": "^0.14.1",
        "class-validator-jsonschema": "^5.0.1",
        "openapi3-ts": "^4.4.0",
        "reflect-metadata": "^0.2.2",
        "yaml": "^2.5.0"
      },
      "devDependencies": {
        "@types/node": "^16.9.6",
        "tslib": "^2.3.0",
        "typescript": "^4.4.3"
      },
      "engines": {
        "node": ">=12.22.0"
      }
    },
    "node_modules/@types/node": {
      "version": "16.10.3",
      "resolved": "https://registry.npmjs.org/@types/node/-/node-16.10.3.tgz",
      "integrity": "sha512-ho3Ruq+fFnBrZhUYI46n/bV2GjwzSkwuT4dTf0GkuNFmnb8nq4ny2z9JEVemFi6bdEJanHLlYfy9c6FN9B9McQ==",
      "dev": true,
      "license": "MIT"
    },
    "node_modules/@types/validator": {
      "version": "13.12.0",
      "resolved": "https://registry.npmjs.org/@types/validator/-/validator-13.12.0.tgz",
      "integrity": "sha512-nH45Lk7oPIJ1RVOF6JgFI6Dy0QpHEzq4QecZhvguxYPDwT8c93prCMqAtiIttm39voZ+DDR+qkNnMpJmMBRqag==",
      "license": "MIT"
    },
    "node_modules/bluebird": {
      "version": "3.7.2",
      "resolved": "https://registry.npmjs.org/bluebird/-/bluebird-3.7.2.tgz",
      "integrity": "sha512-XpNj6GDQzdfW+r2Wnn7xiSAd7TM3jzkxGXBGTtWKuSXv1xUV+azxAm8jdWZN06QTQk+2N2XB9jRDkvbmQmcRtg==",
      "license": "MIT"
    },
    "node_modules/class-transformer": {
      "version": "0.5.1",
      "resolved": "https://registry.npmjs.org/class-transformer/-/class-transformer-0.5.1.tgz",
      "integrity": "sha512-SQa1Ws6hUbfC98vKGxZH3KFY0Y1lm5Zm0SY8XX9zbK7FJCyVEac3ATW0RIpwzW+oOfmHE5PMPufDG9hCfoEOMw==",
      "license": "MIT"
    },
    "node_modules/class-validator": {
      "version": "0.14.1",
      "resolved": "https://registry.npmjs.org/class-validator/-/class-validator-0.14.1.tgz",
      "integrity": "sha512-2VEG9JICxIqTpoK1eMzZqaV+u/EiwEJkMGzTrZf6sU/fwsnOITVgYJ8yojSy6CaXtO9V0Cc6ZQZ8h8m4UBuLwQ==",
      "license": "MIT",
      "dependencies": {
        "@types/validator": "^13.11.8",
        "libphonenumber-js": "^1.10.53",
        "validator": "^13.9.0"
      }
    },
    "node_modules/class-validator-jsonschema": {
      "version": "5.0.1",
      "resolved": "https://registry.npmjs.org/class-validator-jsonschema/-/class-validator-jsonschema-5.0.1.tgz",
      "integrity": "sha512-9uTdo5jSnJUj7f0dS8YZDqM0Fv1Uky0BWefswnNa2F4nRcKPCiEb5z3nDUaXyEzcERCrizE+0AGDSao1uSNX9g==",
      "license": "MIT",
      "dependencies": {
        "lodash.groupby": "^4.6.0",
        "lodash.merge": "^4.6.2",
        "openapi3-ts": "^3.0.0",
        "reflect-metadata": "^0.1.13",
        "tslib": "^2.4.1"
      },
      "peerDependencies": {
        "class-transformer": "^0.4.0 || ^0.5.0",
        "class-validator": "^0.14.0"
      }
    },
    "node_modules/class-validator-jsonschema/node_modules/openapi3-ts": {
      "version": "3.2.0",
      "resolved": "https://registry.npmjs.org/openapi3-ts/-/openapi3-ts-3.2.0.tgz",
      "integrity": "sha512-/ykNWRV5Qs0Nwq7Pc0nJ78fgILvOT/60OxEmB3v7yQ8a8Bwcm43D4diaYazG/KBn6czA+52XYy931WFLMCUeSg==",
      "dependencies": {
        "yaml": "^2.2.1"
      }
    },
    "node_modules/class-validator-jsonschema/node_modules/reflect-metadata": {
      "version": "0.1.14",
      "resolved": "https://registry.npmjs.org/reflect-metadata/-/reflect-metadata-0.1.14.tgz",
      "integrity": "sha512-ZhYeb6nRaXCfhnndflDK8qI6ZQ/YcWZCISRAWICW9XYqMUwjZM9Z0DveWX/ABN01oxSHwVxKQmxeYZSsm0jh5A==",
      "license": "Apache-2.0"
    },
    "node_modules/class-validator-jsonschema/node_modules/tslib": {
      "version": "2.6.3",
      "resolved": "https://registry.npmjs.org/tslib/-/tslib-2.6.3.tgz",
      "integrity": "sha512-xNvxJEOUiWPGhUuUdQgAJPKOOJfGnIyKySOc09XkKsgdUV/3E2zvwZYdejjmRgPCgcym1juLH3226yA7sEFJKQ==",
      "license": "0BSD"
    },
    "node_modules/libphonenumber-js": {
      "version": "1.11.5",
      "resolved": "https://registry.npmjs.org/libphonenumber-js/-/libphonenumber-js-1.11.5.tgz",
      "integrity": "sha512-TwHR5BZxGRODtAfz03szucAkjT5OArXr+94SMtAM2pYXIlQNVMrxvb6uSCbnaJJV6QXEyICk7+l6QPgn72WHhg==",
      "license": "MIT"
    },
    "node_modules/lodash.groupby": {
      "version": "4.6.0",
      "resolved": "https://registry.npmjs.org/lodash.groupby/-/lodash.groupby-4.6.0.tgz",
      "integrity": "sha512-5dcWxm23+VAoz+awKmBaiBvzox8+RqMgFhi7UvX9DHZr2HdxHXM/Wrf8cfKpsW37RNrvtPn6hSwNqurSILbmJw==",
      "license": "MIT"
    },
    "node_modules/lodash.merge": {
      "version": "4.6.2",
      "resolved": "https://registry.npmjs.org/lodash.merge/-/lodash.merge-4.6.2.tgz",
      "integrity": "sha512-0KpjqXRVvrYyCsX1swR/XTK0va6VQkQM6MNo7PqW77ByjAhoARA8EfrP1N4+KlKj8YS0ZUCtRT/YUuhyYDujIQ==",
      "license": "MIT"
    },
    "node_modules/openapi3-ts": {
      "version": "4.4.0",
      "resolved": "https://registry.npmjs.org/openapi3-ts/-/openapi3-ts-4.4.0.tgz",
      "integrity": "sha512-9asTNB9IkKEzWMcHmVZE7Ts3kC9G7AFHfs8i7caD8HbI76gEjdkId4z/AkP83xdZsH7PLAnnbl47qZkXuxpArw==",
      "dependencies": {
        "yaml": "^2.5.0"
      }
    },
    "node_modules/reflect-metadata": {
      "version": "0.2.2",
      "resolved": "https://registry.npmjs.org/reflect-metadata/-/reflect-metadata-0.2.2.tgz",
      "integrity": "sha512-urBwgfrvVP/eAyXx4hluJivBKzuEbSQs9rKWCrCkbSxNv8mxPcUZKeuoF3Uy4mJl3Lwprp6yy5/39VWigZ4K6Q==",
      "license": "Apache-2.0"
    },
    "node_modules/tslib": {
      "version": "2.3.1",
      "resolved": "https://registry.npmjs.org/tslib/-/tslib-2.3.1.tgz",
      "integrity": "sha512-77EbyPPpMz+FRFRuAFlWMtmgUWGe9UOG2Z25NqCwiIjRhOf5iKGuzSe5P2w1laq+FkRy4p+PCuVkJSGkzTEKVw==",
      "dev": true,
      "license": "0BSD"
    },
    "node_modules/typescript": {
      "version": "4.4.3",
      "resolved": "https://registry.npmjs.org/typescript/-/typescript-4.4.3.tgz",
      "integrity": "sha512-4xfscpisVgqqDfPaJo5vkd+Qd/ItkoagnHpufr+i2QCHBsNYp+G7UAoyFl8aPtx879u38wPV65rZ8qbGZijalA==",
      "dev": true,
      "license": "Apache-2.0",
      "bin": {
        "tsc": "bin/tsc",
        "tsserver": "bin/tsserver"
      },
      "engines": {
        "node": ">=4.2.0"
      }
    },
    "node_modules/validator": {
      "version": "13.12.0",
      "resolved": "https://registry.npmjs.org/validator/-/validator-13.12.0.tgz",
      "integrity": "sha512-c1Q0mCiPlgdTVVVIJIrBuxNicYE+t/7oKeI9MWLj3fh/uq2Pxh/3eeWbVZ4OcGW1TUf53At0njHw5SMdA3tmMg==",
      "license": "MIT",
      "engines": {
        "node": ">= 0.10"
      }
    },
    "node_modules/yaml": {
      "version": "2.5.0",
      "resolved": "https://registry.npmjs.org/yaml/-/yaml-2.5.0.tgz",
      "integrity": "sha512-2wWLbGbYDiSqqIKoPjar3MPgB94ErzCtrNE1FdqGuaO0pi2JGjmE8aW8TDZwzU7vuxcGRdL/4gPQwQ7hD5AMSw==",
      "license": "ISC",
      "bin": {
        "yaml": "bin.mjs"
      },
      "engines": {
        "node": ">= 14"
      }
    }
  },
  "dependencies": {
    "@types/node": {
      "version": "16.10.3",
      "resolved": "https://registry.npmjs.org/@types/node/-/node-16.10.3.tgz",
      "integrity": "sha512-ho3Ruq+fFnBrZhUYI46n/bV2GjwzSkwuT4dTf0GkuNFmnb8nq4ny2z9JEVemFi6bdEJanHLlYfy9c6FN9B9McQ==",
      "dev": true
    },
    "@types/validator": {
      "version": "13.12.0",
      "resolved": "https://registry.npmjs.org/@types/validator/-/validator-13.12.0.tgz",
      "integrity": "sha512-nH45Lk7oPIJ1RVOF6JgFI6Dy0QpHEzq4QecZhvguxYPDwT8c93prCMqAtiIttm39voZ+DDR+qkNnMpJmMBRqag=="
    },
    "bluebird": {
      "version": "3.7.2",
      "resolved": "https://registry.npmjs.org/bluebird/-/bluebird-3.7.2.tgz",
      "integrity": "sha512-XpNj6GDQzdfW+r2Wnn7xiSAd7TM3jzkxGXBGTtWKuSXv1xUV+azxAm8jdWZN06QTQk+2N2XB9jRDkvbmQmcRtg=="
    },
    "class-transformer": {
      "version": "0.5.1",
      "resolved": "https://registry.npmjs.org/class-transformer/-/class-transformer-0.5.1.tgz",
      "integrity": "sha512-SQa1Ws6hUbfC98vKGxZH3KFY0Y1lm5Zm0SY8XX9zbK7FJCyVEac3ATW0RIpwzW+oOfmHE5PMPufDG9hCfoEOMw=="
    },
    "class-validator": {
      "version": "0.14.1",
      "resolved": "https://registry.npmjs.org/class-validator/-/class-validator-0.14.1.tgz",
      "integrity": "sha512-2VEG9JICxIqTpoK1eMzZqaV+u/EiwEJkMGzTrZf6sU/fwsnOITVgYJ8yojSy6CaXtO9V0Cc6ZQZ8h8m4UBuLwQ==",
      "requires": {
        "@types/validator": "^13.11.8",
        "libphonenumber-js": "^1.10.53",
        "validator": "^13.9.0"
      }
    },
    "class-validator-jsonschema": {
      "version": "5.0.1",
      "resolved": "https://registry.npmjs.org/class-validator-jsonschema/-/class-validator-jsonschema-5.0.1.tgz",
      "integrity": "sha512-9uTdo5jSnJUj7f0dS8YZDqM0Fv1Uky0BWefswnNa2F4nRcKPCiEb5z3nDUaXyEzcERCrizE+0AGDSao1uSNX9g==",
      "requires": {
        "lodash.groupby": "^4.6.0",
        "lodash.merge": "^4.6.2",
        "openapi3-ts": "^3.0.0",
        "reflect-metadata": "^0.1.13",
        "tslib": "^2.4.1"
      },
      "dependencies": {
        "openapi3-ts": {
          "version": "3.2.0",
          "resolved": "https://registry.npmjs.org/openapi3-ts/-/openapi3-ts-3.2.0.tgz",
          "integrity": "sha512-/ykNWRV5Qs0Nwq7Pc0nJ78fgILvOT/60OxEmB3v7yQ8a8Bwcm43D4diaYazG/KBn6czA+52XYy931WFLMCUeSg==",
          "requires": {
            "yaml": "^2.2.1"
          }
        },
        "reflect-metadata": {
          "version": "0.1.14",
          "resolved": "https://registry.npmjs.org/reflect-metadata/-/reflect-metadata-0.1.14.tgz",
          "integrity": "sha512-ZhYeb6nRaXCfhnndflDK8qI6ZQ/YcWZCISRAWICW9XYqMUwjZM9Z0DveWX/ABN01oxSHwVxKQmxeYZSsm0jh5A=="
        },
        "tslib": {
          "version": "2.6.3",
          "resolved": "https://registry.npmjs.org/tslib/-/tslib-2.6.3.tgz",
          "integrity": "sha512-xNvxJEOUiWPGhUuUdQgAJPKOOJfGnIyKySOc09XkKsgdUV/3E2zvwZYdejjmRgPCgcym1juLH3226yA7sEFJKQ=="
        }
      }
    },
    "libphonenumber-js": {
      "version": "1.11.5",
      "resolved": "https://registry.npmjs.org/libphonenumber-js/-/libphonenumber-js-1.11.5.tgz",
      "integrity": "sha512-TwHR5BZxGRODtAfz03szucAkjT5OArXr+94SMtAM2pYXIlQNVMrxvb6uSCbnaJJV6QXEyICk7+l6QPgn72WHhg=="
    },
    "lodash.groupby": {
      "version": "4.6.0",
      "resolved": "https://registry.npmjs.org/lodash.groupby/-/lodash.groupby-4.6.0.tgz",
      "integrity": "sha512-5dcWxm23+VAoz+awKmBaiBvzox8+RqMgFhi7UvX9DHZr2HdxHXM/Wrf8cfKpsW37RNrvtPn6hSwNqurSILbmJw=="
    },
    "lodash.merge": {
      "version": "4.6.2",
      "resolved": "https://registry.npmjs.org/lodash.merge/-/lodash.merge-4.6.2.tgz",
      "integrity": "sha512-0KpjqXRVvrYyCsX1swR/XTK0va6VQkQM6MNo7PqW77ByjAhoARA8EfrP1N4+KlKj8YS0ZUCtRT/YUuhyYDujIQ=="
    },
    "openapi3-ts": {
      "version": "4.4.0",
      "resolved": "https://registry.npmjs.org/openapi3-ts/-/openapi3-ts-4.4.0.tgz",
      "integrity": "sha512-9asTNB9IkKEzWMcHmVZE7Ts3kC9G7AFHfs8i7caD8HbI76gEjdkId4z/AkP83xdZsH7PLAnnbl47qZkXuxpArw==",
      "requires": {
        "yaml": "^2.5.0"
      }
    },
    "reflect-metadata": {
      "version": "0.2.2",
      "resolved": "https://registry.npmjs.org/reflect-metadata/-/reflect-metadata-0.2.2.tgz",
      "integrity": "sha512-urBwgfrvVP/eAyXx4hluJivBKzuEbSQs9rKWCrCkbSxNv8mxPcUZKeuoF3Uy4mJl3Lwprp6yy5/39VWigZ4K6Q=="
    },
    "tslib": {
      "version": "2.3.1",
      "resolved": "https://registry.npmjs.org/tslib/-/tslib-2.3.1.tgz",
      "integrity": "sha512-77EbyPPpMz+FRFRuAFlWMtmgUWGe9UOG2Z25NqCwiIjRhOf5iKGuzSe5P2w1laq+FkRy4p+PCuVkJSGkzTEKVw==",
      "dev": true
    },
    "typescript": {
      "version": "4.4.3",
      "resolved": "https://registry.npmjs.org/typescript/-/typescript-4.4.3.tgz",
      "integrity": "sha512-4xfscpisVgqqDfPaJo5vkd+Qd/ItkoagnHpufr+i2QCHBsNYp+G7UAoyFl8aPtx879u38wPV65rZ8qbGZijalA==",
      "dev": true
    },
    "validator": {
      "version": "13.12.0",
      "resolved": "https://registry.npmjs.org/validator/-/validator-13.12.0.tgz",
      "integrity": "sha512-c1Q0mCiPlgdTVVVIJIrBuxNicYE+t/7oKeI9MWLj3fh/uq2Pxh/3eeWbVZ4OcGW1TUf53At0njHw5SMdA3tmMg=="
    },
    "yaml": {
      "version": "2.5.0",
      "resolved": "https://registry.npmjs.org/yaml/-/yaml-2.5.0.tgz",
      "integrity": "sha512-2wWLbGbYDiSqqIKoPjar3MPgB94ErzCtrNE1FdqGuaO0pi2JGjmE8aW8TDZwzU7vuxcGRdL/4gPQwQ7hD5AMSw=="
    }
  }
}
