# THIS IS AN AUTOGENERATED FILE. DO NOT EDIT THIS FILE DIRECTLY.
# yarn lockfile v1


"@types/node@^16.9.6":
  "integrity" "sha512-ho3Ruq+fFnBrZhUYI46n/bV2GjwzSkwuT4dTf0GkuNFmnb8nq4ny2z9JEVemFi6bdEJanHLlYfy9c6FN9B9McQ=="
  "resolved" "https://registry.npmjs.org/@types/node/-/node-16.10.3.tgz"
  "version" "16.10.3"

"@types/validator@^13.11.8":
  "integrity" "sha512-nH45Lk7oPIJ1RVOF6JgFI6Dy0QpHEzq4QecZhvguxYPDwT8c93prCMqAtiIttm39voZ+DDR+qkNnMpJmMBRqag=="
  "resolved" "https://registry.npmjs.org/@types/validator/-/validator-13.12.0.tgz"
  "version" "13.12.0"

"bluebird@^3.7.2":
  "integrity" "sha512-XpNj6GDQzdfW+r2Wnn7xiSAd7TM3jzkxGXBGTtWKuSXv1xUV+azxAm8jdWZN06QTQk+2N2XB9jRDkvbmQmcRtg=="
  "resolved" "https://registry.npmjs.org/bluebird/-/bluebird-3.7.2.tgz"
  "version" "3.7.2"

"class-transformer@^0.4.0 || ^0.5.0", "class-transformer@^0.5.1":
  "integrity" "sha512-SQa1Ws6hUbfC98vKGxZH3KFY0Y1lm5Zm0SY8XX9zbK7FJCyVEac3ATW0RIpwzW+oOfmHE5PMPufDG9hCfoEOMw=="
  "resolved" "https://registry.npmjs.org/class-transformer/-/class-transformer-0.5.1.tgz"
  "version" "0.5.1"

"class-validator-jsonschema@^5.0.1":
  "integrity" "sha512-9uTdo5jSnJUj7f0dS8YZDqM0Fv1Uky0BWefswnNa2F4nRcKPCiEb5z3nDUaXyEzcERCrizE+0AGDSao1uSNX9g=="
  "resolved" "https://registry.npmjs.org/class-validator-jsonschema/-/class-validator-jsonschema-5.0.1.tgz"
  "version" "5.0.1"
  dependencies:
    "lodash.groupby" "^4.6.0"
    "lodash.merge" "^4.6.2"
    "openapi3-ts" "^3.0.0"
    "reflect-metadata" "^0.1.13"
    "tslib" "^2.4.1"

"class-validator@^0.14.0", "class-validator@^0.14.1":
  "integrity" "sha512-2VEG9JICxIqTpoK1eMzZqaV+u/EiwEJkMGzTrZf6sU/fwsnOITVgYJ8yojSy6CaXtO9V0Cc6ZQZ8h8m4UBuLwQ=="
  "resolved" "https://registry.npmjs.org/class-validator/-/class-validator-0.14.1.tgz"
  "version" "0.14.1"
  dependencies:
    "@types/validator" "^13.11.8"
    "libphonenumber-js" "^1.10.53"
    "validator" "^13.9.0"

"libphonenumber-js@^1.10.53":
  "integrity" "sha512-TwHR5BZxGRODtAfz03szucAkjT5OArXr+94SMtAM2pYXIlQNVMrxvb6uSCbnaJJV6QXEyICk7+l6QPgn72WHhg=="
  "resolved" "https://registry.npmjs.org/libphonenumber-js/-/libphonenumber-js-1.11.5.tgz"
  "version" "1.11.5"

"lodash.groupby@^4.6.0":
  "integrity" "sha512-5dcWxm23+VAoz+awKmBaiBvzox8+RqMgFhi7UvX9DHZr2HdxHXM/Wrf8cfKpsW37RNrvtPn6hSwNqurSILbmJw=="
  "resolved" "https://registry.npmjs.org/lodash.groupby/-/lodash.groupby-4.6.0.tgz"
  "version" "4.6.0"

"lodash.merge@^4.6.2":
  "integrity" "sha512-0KpjqXRVvrYyCsX1swR/XTK0va6VQkQM6MNo7PqW77ByjAhoARA8EfrP1N4+KlKj8YS0ZUCtRT/YUuhyYDujIQ=="
  "resolved" "https://registry.npmjs.org/lodash.merge/-/lodash.merge-4.6.2.tgz"
  "version" "4.6.2"

"openapi3-ts@^3.0.0":
  "integrity" "sha512-/ykNWRV5Qs0Nwq7Pc0nJ78fgILvOT/60OxEmB3v7yQ8a8Bwcm43D4diaYazG/KBn6czA+52XYy931WFLMCUeSg=="
  "resolved" "https://registry.npmjs.org/openapi3-ts/-/openapi3-ts-3.2.0.tgz"
  "version" "3.2.0"
  dependencies:
    "yaml" "^2.2.1"

"openapi3-ts@^4.4.0":
  "integrity" "sha512-9asTNB9IkKEzWMcHmVZE7Ts3kC9G7AFHfs8i7caD8HbI76gEjdkId4z/AkP83xdZsH7PLAnnbl47qZkXuxpArw=="
  "resolved" "https://registry.npmjs.org/openapi3-ts/-/openapi3-ts-4.4.0.tgz"
  "version" "4.4.0"
  dependencies:
    "yaml" "^2.5.0"

"reflect-metadata@^0.1.13":
  "integrity" "sha512-ZhYeb6nRaXCfhnndflDK8qI6ZQ/YcWZCISRAWICW9XYqMUwjZM9Z0DveWX/ABN01oxSHwVxKQmxeYZSsm0jh5A=="
  "resolved" "https://registry.npmjs.org/reflect-metadata/-/reflect-metadata-0.1.14.tgz"
  "version" "0.1.14"

"reflect-metadata@^0.2.2":
  "integrity" "sha512-urBwgfrvVP/eAyXx4hluJivBKzuEbSQs9rKWCrCkbSxNv8mxPcUZKeuoF3Uy4mJl3Lwprp6yy5/39VWigZ4K6Q=="
  "resolved" "https://registry.npmjs.org/reflect-metadata/-/reflect-metadata-0.2.2.tgz"
  "version" "0.2.2"

"tslib@^2.3.0":
  "integrity" "sha512-77EbyPPpMz+FRFRuAFlWMtmgUWGe9UOG2Z25NqCwiIjRhOf5iKGuzSe5P2w1laq+FkRy4p+PCuVkJSGkzTEKVw=="
  "resolved" "https://registry.npmjs.org/tslib/-/tslib-2.3.1.tgz"
  "version" "2.3.1"

"tslib@^2.4.1":
  "integrity" "sha512-xNvxJEOUiWPGhUuUdQgAJPKOOJfGnIyKySOc09XkKsgdUV/3E2zvwZYdejjmRgPCgcym1juLH3226yA7sEFJKQ=="
  "resolved" "https://registry.npmjs.org/tslib/-/tslib-2.6.3.tgz"
  "version" "2.6.3"

"typescript@^4.4.3":
  "integrity" "sha512-4xfscpisVgqqDfPaJo5vkd+Qd/ItkoagnHpufr+i2QCHBsNYp+G7UAoyFl8aPtx879u38wPV65rZ8qbGZijalA=="
  "resolved" "https://registry.npmjs.org/typescript/-/typescript-4.4.3.tgz"
  "version" "4.4.3"

"validator@^13.9.0":
  "integrity" "sha512-c1Q0mCiPlgdTVVVIJIrBuxNicYE+t/7oKeI9MWLj3fh/uq2Pxh/3eeWbVZ4OcGW1TUf53At0njHw5SMdA3tmMg=="
  "resolved" "https://registry.npmjs.org/validator/-/validator-13.12.0.tgz"
  "version" "13.12.0"

"yaml@^2.2.1", "yaml@^2.5.0":
  "integrity" "sha512-2wWLbGbYDiSqqIKoPjar3MPgB94ErzCtrNE1FdqGuaO0pi2JGjmE8aW8TDZwzU7vuxcGRdL/4gPQwQ7hD5AMSw=="
  "resolved" "https://registry.npmjs.org/yaml/-/yaml-2.5.0.tgz"
  "version" "2.5.0"
